// !$*UTF8*$!
{
	archiveVersion = 1;
	classes = {
	};
	objectVersion = 46;
	objects = {

/* Begin PBXBuildFile section */
		4B2885ED214F4AEE8755BB6D /* libPods.a in Frameworks */ = {isa = PBXBuildFile; fileRef = 46B2F8E4165045D6B316BC3C /* libPods.a */; };
		94A46D631926165500B79825 /* Foundation.framework in Frameworks */ = {isa = PBXBuildFile; fileRef = 94A46D621926165500B79825 /* Foundation.framework */; };
		94A46D651926165500B79825 /* CoreGraphics.framework in Frameworks */ = {isa = PBXBuildFile; fileRef = 94A46D641926165500B79825 /* CoreGraphics.framework */; };
		94A46D671926165500B79825 /* UIKit.framework in Frameworks */ = {isa = PBXBuildFile; fileRef = 94A46D661926165500B79825 /* UIKit.framework */; };
		94A46D6D1926165500B79825 /* InfoPlist.strings in Resources */ = {isa = PBXBuildFile; fileRef = 94A46D6B1926165500B79825 /* InfoPlist.strings */; };
		94A46D6F1926165500B79825 /* main.m in Sources */ = {isa = PBXBuildFile; fileRef = 94A46D6E1926165500B79825 /* main.m */; };
		94A46D731926165500B79825 /* K2GAppDelegate.m in Sources */ = {isa = PBXBuildFile; fileRef = 94A46D721926165500B79825 /* K2GAppDelegate.m */; };
		94A46D751926165500B79825 /* Images.xcassets in Resources */ = {isa = PBXBuildFile; fileRef = 94A46D741926165500B79825 /* Images.xcassets */; };
		94A46D7C1926165500B79825 /* XCTest.framework in Frameworks */ = {isa = PBXBuildFile; fileRef = 94A46D7B1926165500B79825 /* XCTest.framework */; };
		94A46D7D1926165500B79825 /* Foundation.framework in Frameworks */ = {isa = PBXBuildFile; fileRef = 94A46D621926165500B79825 /* Foundation.framework */; };
		94A46D7E1926165500B79825 /* UIKit.framework in Frameworks */ = {isa = PBXBuildFile; fileRef = 94A46D661926165500B79825 /* UIKit.framework */; };
		94A46D861926165500B79825 /* InfoPlist.strings in Resources */ = {isa = PBXBuildFile; fileRef = 94A46D841926165500B79825 /* InfoPlist.strings */; };
		94A46D881926165500B79825 /* Kiez_ToGoTests.m in Sources */ = {isa = PBXBuildFile; fileRef = 94A46D871926165500B79825 /* Kiez_ToGoTests.m */; };
		94A46D94192619BD00B79825 /* K2GKiezDetailViewController.m in Sources */ = {isa = PBXBuildFile; fileRef = 94A46D92192619BD00B79825 /* K2GKiezDetailViewController.m */; };
		94A46D95192619BD00B79825 /* K2GKiezDetailViewController.xib in Resources */ = {isa = PBXBuildFile; fileRef = 94A46D93192619BD00B79825 /* K2GKiezDetailViewController.xib */; };
		94A46D9A192619EC00B79825 /* K2GMapViewController.m in Sources */ = {isa = PBXBuildFile; fileRef = 94A46D98192619EC00B79825 /* K2GMapViewController.m */; };
		94A46D9B192619EC00B79825 /* K2GMapViewController.xib in Resources */ = {isa = PBXBuildFile; fileRef = 94A46D99192619EC00B79825 /* K2GMapViewController.xib */; };
		94A46DA219261A0800B79825 /* K2GFoursquareVenueViewController.m in Sources */ = {isa = PBXBuildFile; fileRef = 94A46DA019261A0800B79825 /* K2GFoursquareVenueViewController.m */; };
		94A46DA319261A0800B79825 /* K2GFoursquareVenueViewController.xib in Resources */ = {isa = PBXBuildFile; fileRef = 94A46DA119261A0800B79825 /* K2GFoursquareVenueViewController.xib */; };
		94A46DB319262B0E00B79825 /* K2GKiez.m in Sources */ = {isa = PBXBuildFile; fileRef = 94A46DB219262B0E00B79825 /* K2GKiez.m */; };
		94A46DB719262B2200B79825 /* K2GKiezManager.m in Sources */ = {isa = PBXBuildFile; fileRef = 94A46DB619262B2200B79825 /* K2GKiezManager.m */; };
		94C25B9A1926483600C2255E /* K2GFoursquareManager.m in Sources */ = {isa = PBXBuildFile; fileRef = AA7F291119264041007A46E5 /* K2GFoursquareManager.m */; };
		94C25B9B1926484900C2255E /* K2GFSVenue.m in Sources */ = {isa = PBXBuildFile; fileRef = AA7F29161926404F007A46E5 /* K2GFSVenue.m */; };
		94C25B9C1926484C00C2255E /* K2GFSLocation.m in Sources */ = {isa = PBXBuildFile; fileRef = AA7F29141926404F007A46E5 /* K2GFSLocation.m */; };
		94C25B9E1926499000C2255E /* LOR-Planungsraeume.kml in Resources */ = {isa = PBXBuildFile; fileRef = 94C25B9D1926499000C2255E /* LOR-Planungsraeume.kml */; };
		AA7F291D19265C96007A46E5 /* K2GKiezesTableViewController.m in Sources */ = {isa = PBXBuildFile; fileRef = AA7F291C19265C96007A46E5 /* K2GKiezesTableViewController.m */; };
		AA7F291F19265FEE007A46E5 /* K2GKiezTableViewCell.xib in Resources */ = {isa = PBXBuildFile; fileRef = AA7F291E19265FEE007A46E5 /* K2GKiezTableViewCell.xib */; };
		DAA502AB192629DF006A529B /* KMLAbstractGeometry+MapKit.m in Sources */ = {isa = PBXBuildFile; fileRef = DAA50294192629DF006A529B /* KMLAbstractGeometry+MapKit.m */; };
		DAA502AC192629DF006A529B /* KMLLineString+MapKit.m in Sources */ = {isa = PBXBuildFile; fileRef = DAA50296192629DF006A529B /* KMLLineString+MapKit.m */; };
		DAA502AD192629DF006A529B /* KMLPlacemark+MapKit.m in Sources */ = {isa = PBXBuildFile; fileRef = DAA50298192629DF006A529B /* KMLPlacemark+MapKit.m */; };
		DAA502AE192629DF006A529B /* KMLPoint+MapKit.m in Sources */ = {isa = PBXBuildFile; fileRef = DAA5029A192629DF006A529B /* KMLPoint+MapKit.m */; };
		DAA502AF192629DF006A529B /* KMLPolygon+MapKit.m in Sources */ = {isa = PBXBuildFile; fileRef = DAA5029C192629DF006A529B /* KMLPolygon+MapKit.m */; };
		DAA502B0192629DF006A529B /* KMLRoot+MapKit.m in Sources */ = {isa = PBXBuildFile; fileRef = DAA5029E192629DF006A529B /* KMLRoot+MapKit.m */; };
		DAA502B1192629DF006A529B /* MKAnnotationView+KML.m in Sources */ = {isa = PBXBuildFile; fileRef = DAA502A1192629DF006A529B /* MKAnnotationView+KML.m */; };
		DAA502B2192629DF006A529B /* MKOverlayView+KML.m in Sources */ = {isa = PBXBuildFile; fileRef = DAA502A4192629DF006A529B /* MKOverlayView+KML.m */; };
		DAA502B3192629DF006A529B /* MKPolygonView+KML.m in Sources */ = {isa = PBXBuildFile; fileRef = DAA502A6192629DF006A529B /* MKPolygonView+KML.m */; };
		DAA502B4192629DF006A529B /* MKPolylineView+KML.m in Sources */ = {isa = PBXBuildFile; fileRef = DAA502A8192629DF006A529B /* MKPolylineView+KML.m */; };
		DAA502B5192629DF006A529B /* MKShape+KML.m in Sources */ = {isa = PBXBuildFile; fileRef = DAA502AA192629DF006A529B /* MKShape+KML.m */; };
		DAA502B819263DDF006A529B /* KMLPolygon+K2G.m in Sources */ = {isa = PBXBuildFile; fileRef = DAA502B719263DDF006A529B /* KMLPolygon+K2G.m */; };
		E9660EB719261C0B00158C4F /* K2GKiezDetailView.m in Sources */ = {isa = PBXBuildFile; fileRef = E9660EB619261C0B00158C4F /* K2GKiezDetailView.m */; };
		E9660EB919261CE500158C4F /* MapKit.framework in Frameworks */ = {isa = PBXBuildFile; fileRef = E9660EB819261CE500158C4F /* MapKit.framework */; };
		E9660EBD19261DD300158C4F /* K2GFoursquareVenueCell.m in Sources */ = {isa = PBXBuildFile; fileRef = E9660EBB19261DD300158C4F /* K2GFoursquareVenueCell.m */; };
		E9660EBE19261DD300158C4F /* K2GFoursquareVenueCell.xib in Resources */ = {isa = PBXBuildFile; fileRef = E9660EBC19261DD300158C4F /* K2GFoursquareVenueCell.xib */; };
		E9FBDA2E192644A3009FA4A8 /* NSObject+POPExtensions.m in Sources */ = {isa = PBXBuildFile; fileRef = E9FBDA2D192644A3009FA4A8 /* NSObject+POPExtensions.m */; };
/* End PBXBuildFile section */

/* Begin PBXContainerItemProxy section */
		94A46D7F1926165500B79825 /* PBXContainerItemProxy */ = {
			isa = PBXContainerItemProxy;
			containerPortal = 94A46D571926165500B79825 /* Project object */;
			proxyType = 1;
			remoteGlobalIDString = 94A46D5E1926165500B79825;
			remoteInfo = "Kiez ToGo";
		};
/* End PBXContainerItemProxy section */

/* Begin PBXFileReference section */
		46B2F8E4165045D6B316BC3C /* libPods.a */ = {isa = PBXFileReference; explicitFileType = archive.ar; includeInIndex = 0; path = libPods.a; sourceTree = BUILT_PRODUCTS_DIR; };
		94A46D5F1926165500B79825 /* Kiez ToGo.app */ = {isa = PBXFileReference; explicitFileType = wrapper.application; includeInIndex = 0; path = "Kiez ToGo.app"; sourceTree = BUILT_PRODUCTS_DIR; };
		94A46D621926165500B79825 /* Foundation.framework */ = {isa = PBXFileReference; lastKnownFileType = wrapper.framework; name = Foundation.framework; path = System/Library/Frameworks/Foundation.framework; sourceTree = SDKROOT; };
		94A46D641926165500B79825 /* CoreGraphics.framework */ = {isa = PBXFileReference; lastKnownFileType = wrapper.framework; name = CoreGraphics.framework; path = System/Library/Frameworks/CoreGraphics.framework; sourceTree = SDKROOT; };
		94A46D661926165500B79825 /* UIKit.framework */ = {isa = PBXFileReference; lastKnownFileType = wrapper.framework; name = UIKit.framework; path = System/Library/Frameworks/UIKit.framework; sourceTree = SDKROOT; };
		94A46D6A1926165500B79825 /* Kiez ToGo-Info.plist */ = {isa = PBXFileReference; lastKnownFileType = text.plist.xml; path = "Kiez ToGo-Info.plist"; sourceTree = "<group>"; };
		94A46D6C1926165500B79825 /* en */ = {isa = PBXFileReference; lastKnownFileType = text.plist.strings; name = en; path = en.lproj/InfoPlist.strings; sourceTree = "<group>"; };
		94A46D6E1926165500B79825 /* main.m */ = {isa = PBXFileReference; lastKnownFileType = sourcecode.c.objc; path = main.m; sourceTree = "<group>"; };
		94A46D701926165500B79825 /* Kiez ToGo-Prefix.pch */ = {isa = PBXFileReference; lastKnownFileType = sourcecode.c.h; path = "Kiez ToGo-Prefix.pch"; sourceTree = "<group>"; };
		94A46D711926165500B79825 /* K2GAppDelegate.h */ = {isa = PBXFileReference; lastKnownFileType = sourcecode.c.h; path = K2GAppDelegate.h; sourceTree = "<group>"; };
		94A46D721926165500B79825 /* K2GAppDelegate.m */ = {isa = PBXFileReference; lastKnownFileType = sourcecode.c.objc; path = K2GAppDelegate.m; sourceTree = "<group>"; };
		94A46D741926165500B79825 /* Images.xcassets */ = {isa = PBXFileReference; lastKnownFileType = folder.assetcatalog; path = Images.xcassets; sourceTree = "<group>"; };
		94A46D7A1926165500B79825 /* Kiez ToGoTests.xctest */ = {isa = PBXFileReference; explicitFileType = wrapper.cfbundle; includeInIndex = 0; path = "Kiez ToGoTests.xctest"; sourceTree = BUILT_PRODUCTS_DIR; };
		94A46D7B1926165500B79825 /* XCTest.framework */ = {isa = PBXFileReference; lastKnownFileType = wrapper.framework; name = XCTest.framework; path = Library/Frameworks/XCTest.framework; sourceTree = DEVELOPER_DIR; };
		94A46D831926165500B79825 /* Kiez ToGoTests-Info.plist */ = {isa = PBXFileReference; lastKnownFileType = text.plist.xml; path = "Kiez ToGoTests-Info.plist"; sourceTree = "<group>"; };
		94A46D851926165500B79825 /* en */ = {isa = PBXFileReference; lastKnownFileType = text.plist.strings; name = en; path = en.lproj/InfoPlist.strings; sourceTree = "<group>"; };
		94A46D871926165500B79825 /* Kiez_ToGoTests.m */ = {isa = PBXFileReference; lastKnownFileType = sourcecode.c.objc; path = Kiez_ToGoTests.m; sourceTree = "<group>"; };
		94A46D91192619BD00B79825 /* K2GKiezDetailViewController.h */ = {isa = PBXFileReference; fileEncoding = 4; lastKnownFileType = sourcecode.c.h; path = K2GKiezDetailViewController.h; sourceTree = "<group>"; };
		94A46D92192619BD00B79825 /* K2GKiezDetailViewController.m */ = {isa = PBXFileReference; fileEncoding = 4; lastKnownFileType = sourcecode.c.objc; path = K2GKiezDetailViewController.m; sourceTree = "<group>"; };
		94A46D93192619BD00B79825 /* K2GKiezDetailViewController.xib */ = {isa = PBXFileReference; fileEncoding = 4; lastKnownFileType = file.xib; path = K2GKiezDetailViewController.xib; sourceTree = "<group>"; };
		94A46D97192619EC00B79825 /* K2GMapViewController.h */ = {isa = PBXFileReference; fileEncoding = 4; lastKnownFileType = sourcecode.c.h; path = K2GMapViewController.h; sourceTree = "<group>"; };
		94A46D98192619EC00B79825 /* K2GMapViewController.m */ = {isa = PBXFileReference; fileEncoding = 4; lastKnownFileType = sourcecode.c.objc; path = K2GMapViewController.m; sourceTree = "<group>"; };
		94A46D99192619EC00B79825 /* K2GMapViewController.xib */ = {isa = PBXFileReference; fileEncoding = 4; lastKnownFileType = file.xib; path = K2GMapViewController.xib; sourceTree = "<group>"; };
		94A46D9F19261A0800B79825 /* K2GFoursquareVenueViewController.h */ = {isa = PBXFileReference; fileEncoding = 4; lastKnownFileType = sourcecode.c.h; path = K2GFoursquareVenueViewController.h; sourceTree = "<group>"; };
		94A46DA019261A0800B79825 /* K2GFoursquareVenueViewController.m */ = {isa = PBXFileReference; fileEncoding = 4; lastKnownFileType = sourcecode.c.objc; path = K2GFoursquareVenueViewController.m; sourceTree = "<group>"; };
		94A46DA119261A0800B79825 /* K2GFoursquareVenueViewController.xib */ = {isa = PBXFileReference; fileEncoding = 4; lastKnownFileType = file.xib; path = K2GFoursquareVenueViewController.xib; sourceTree = "<group>"; };
		94A46DB119262B0E00B79825 /* K2GKiez.h */ = {isa = PBXFileReference; fileEncoding = 4; lastKnownFileType = sourcecode.c.h; path = K2GKiez.h; sourceTree = "<group>"; };
		94A46DB219262B0E00B79825 /* K2GKiez.m */ = {isa = PBXFileReference; fileEncoding = 4; lastKnownFileType = sourcecode.c.objc; path = K2GKiez.m; sourceTree = "<group>"; };
		94A46DB519262B2200B79825 /* K2GKiezManager.h */ = {isa = PBXFileReference; fileEncoding = 4; lastKnownFileType = sourcecode.c.h; path = K2GKiezManager.h; sourceTree = "<group>"; };
		94A46DB619262B2200B79825 /* K2GKiezManager.m */ = {isa = PBXFileReference; fileEncoding = 4; lastKnownFileType = sourcecode.c.objc; path = K2GKiezManager.m; sourceTree = "<group>"; };
		94C25B9D1926499000C2255E /* LOR-Planungsraeume.kml */ = {isa = PBXFileReference; fileEncoding = 4; lastKnownFileType = text.xml; path = "LOR-Planungsraeume.kml"; sourceTree = "<group>"; };
		94F22D0A9AB74849B4906F4A /* Pods.xcconfig */ = {isa = PBXFileReference; includeInIndex = 1; lastKnownFileType = text.xcconfig; name = Pods.xcconfig; path = Pods/Pods.xcconfig; sourceTree = "<group>"; };
		AA7F291019264041007A46E5 /* K2GFoursquareManager.h */ = {isa = PBXFileReference; fileEncoding = 4; lastKnownFileType = sourcecode.c.h; path = K2GFoursquareManager.h; sourceTree = "<group>"; };
		AA7F291119264041007A46E5 /* K2GFoursquareManager.m */ = {isa = PBXFileReference; fileEncoding = 4; lastKnownFileType = sourcecode.c.objc; path = K2GFoursquareManager.m; sourceTree = "<group>"; };
		AA7F29131926404F007A46E5 /* K2GFSLocation.h */ = {isa = PBXFileReference; fileEncoding = 4; lastKnownFileType = sourcecode.c.h; path = K2GFSLocation.h; sourceTree = "<group>"; };
		AA7F29141926404F007A46E5 /* K2GFSLocation.m */ = {isa = PBXFileReference; fileEncoding = 4; lastKnownFileType = sourcecode.c.objc; path = K2GFSLocation.m; sourceTree = "<group>"; };
		AA7F29151926404F007A46E5 /* K2GFSVenue.h */ = {isa = PBXFileReference; fileEncoding = 4; lastKnownFileType = sourcecode.c.h; path = K2GFSVenue.h; sourceTree = "<group>"; };
		AA7F29161926404F007A46E5 /* K2GFSVenue.m */ = {isa = PBXFileReference; fileEncoding = 4; lastKnownFileType = sourcecode.c.objc; path = K2GFSVenue.m; sourceTree = "<group>"; };
		AA7F291B19265C96007A46E5 /* K2GKiezesTableViewController.h */ = {isa = PBXFileReference; fileEncoding = 4; lastKnownFileType = sourcecode.c.h; path = K2GKiezesTableViewController.h; sourceTree = "<group>"; };
		AA7F291C19265C96007A46E5 /* K2GKiezesTableViewController.m */ = {isa = PBXFileReference; fileEncoding = 4; lastKnownFileType = sourcecode.c.objc; path = K2GKiezesTableViewController.m; sourceTree = "<group>"; };
		AA7F291E19265FEE007A46E5 /* K2GKiezTableViewCell.xib */ = {isa = PBXFileReference; fileEncoding = 4; lastKnownFileType = file.xib; path = K2GKiezTableViewCell.xib; sourceTree = "<group>"; };
		DAA50292192629DF006A529B /* KML+MapKit.h */ = {isa = PBXFileReference; fileEncoding = 4; lastKnownFileType = sourcecode.c.h; path = "KML+MapKit.h"; sourceTree = "<group>"; };
		DAA50293192629DF006A529B /* KMLAbstractGeometry+MapKit.h */ = {isa = PBXFileReference; fileEncoding = 4; lastKnownFileType = sourcecode.c.h; path = "KMLAbstractGeometry+MapKit.h"; sourceTree = "<group>"; };
		DAA50294192629DF006A529B /* KMLAbstractGeometry+MapKit.m */ = {isa = PBXFileReference; fileEncoding = 4; lastKnownFileType = sourcecode.c.objc; path = "KMLAbstractGeometry+MapKit.m"; sourceTree = "<group>"; };
		DAA50295192629DF006A529B /* KMLLineString+MapKit.h */ = {isa = PBXFileReference; fileEncoding = 4; lastKnownFileType = sourcecode.c.h; path = "KMLLineString+MapKit.h"; sourceTree = "<group>"; };
		DAA50296192629DF006A529B /* KMLLineString+MapKit.m */ = {isa = PBXFileReference; fileEncoding = 4; lastKnownFileType = sourcecode.c.objc; path = "KMLLineString+MapKit.m"; sourceTree = "<group>"; };
		DAA50297192629DF006A529B /* KMLPlacemark+MapKit.h */ = {isa = PBXFileReference; fileEncoding = 4; lastKnownFileType = sourcecode.c.h; path = "KMLPlacemark+MapKit.h"; sourceTree = "<group>"; };
		DAA50298192629DF006A529B /* KMLPlacemark+MapKit.m */ = {isa = PBXFileReference; fileEncoding = 4; lastKnownFileType = sourcecode.c.objc; path = "KMLPlacemark+MapKit.m"; sourceTree = "<group>"; };
		DAA50299192629DF006A529B /* KMLPoint+MapKit.h */ = {isa = PBXFileReference; fileEncoding = 4; lastKnownFileType = sourcecode.c.h; path = "KMLPoint+MapKit.h"; sourceTree = "<group>"; };
		DAA5029A192629DF006A529B /* KMLPoint+MapKit.m */ = {isa = PBXFileReference; fileEncoding = 4; lastKnownFileType = sourcecode.c.objc; path = "KMLPoint+MapKit.m"; sourceTree = "<group>"; };
		DAA5029B192629DF006A529B /* KMLPolygon+MapKit.h */ = {isa = PBXFileReference; fileEncoding = 4; lastKnownFileType = sourcecode.c.h; path = "KMLPolygon+MapKit.h"; sourceTree = "<group>"; };
		DAA5029C192629DF006A529B /* KMLPolygon+MapKit.m */ = {isa = PBXFileReference; fileEncoding = 4; lastKnownFileType = sourcecode.c.objc; path = "KMLPolygon+MapKit.m"; sourceTree = "<group>"; };
		DAA5029D192629DF006A529B /* KMLRoot+MapKit.h */ = {isa = PBXFileReference; fileEncoding = 4; lastKnownFileType = sourcecode.c.h; path = "KMLRoot+MapKit.h"; sourceTree = "<group>"; };
		DAA5029E192629DF006A529B /* KMLRoot+MapKit.m */ = {isa = PBXFileReference; fileEncoding = 4; lastKnownFileType = sourcecode.c.objc; path = "KMLRoot+MapKit.m"; sourceTree = "<group>"; };
		DAA502A0192629DF006A529B /* MKAnnotationView+KML.h */ = {isa = PBXFileReference; fileEncoding = 4; lastKnownFileType = sourcecode.c.h; path = "MKAnnotationView+KML.h"; sourceTree = "<group>"; };
		DAA502A1192629DF006A529B /* MKAnnotationView+KML.m */ = {isa = PBXFileReference; fileEncoding = 4; lastKnownFileType = sourcecode.c.objc; path = "MKAnnotationView+KML.m"; sourceTree = "<group>"; };
		DAA502A2192629DF006A529B /* MKMap+KML.h */ = {isa = PBXFileReference; fileEncoding = 4; lastKnownFileType = sourcecode.c.h; path = "MKMap+KML.h"; sourceTree = "<group>"; };
		DAA502A3192629DF006A529B /* MKOverlayView+KML.h */ = {isa = PBXFileReference; fileEncoding = 4; lastKnownFileType = sourcecode.c.h; path = "MKOverlayView+KML.h"; sourceTree = "<group>"; };
		DAA502A4192629DF006A529B /* MKOverlayView+KML.m */ = {isa = PBXFileReference; fileEncoding = 4; lastKnownFileType = sourcecode.c.objc; path = "MKOverlayView+KML.m"; sourceTree = "<group>"; };
		DAA502A5192629DF006A529B /* MKPolygonView+KML.h */ = {isa = PBXFileReference; fileEncoding = 4; lastKnownFileType = sourcecode.c.h; path = "MKPolygonView+KML.h"; sourceTree = "<group>"; };
		DAA502A6192629DF006A529B /* MKPolygonView+KML.m */ = {isa = PBXFileReference; fileEncoding = 4; lastKnownFileType = sourcecode.c.objc; path = "MKPolygonView+KML.m"; sourceTree = "<group>"; };
		DAA502A7192629DF006A529B /* MKPolylineView+KML.h */ = {isa = PBXFileReference; fileEncoding = 4; lastKnownFileType = sourcecode.c.h; path = "MKPolylineView+KML.h"; sourceTree = "<group>"; };
		DAA502A8192629DF006A529B /* MKPolylineView+KML.m */ = {isa = PBXFileReference; fileEncoding = 4; lastKnownFileType = sourcecode.c.objc; path = "MKPolylineView+KML.m"; sourceTree = "<group>"; };
		DAA502A9192629DF006A529B /* MKShape+KML.h */ = {isa = PBXFileReference; fileEncoding = 4; lastKnownFileType = sourcecode.c.h; path = "MKShape+KML.h"; sourceTree = "<group>"; };
		DAA502AA192629DF006A529B /* MKShape+KML.m */ = {isa = PBXFileReference; fileEncoding = 4; lastKnownFileType = sourcecode.c.objc; path = "MKShape+KML.m"; sourceTree = "<group>"; };
		DAA502B619263DDF006A529B /* KMLPolygon+K2G.h */ = {isa = PBXFileReference; fileEncoding = 4; lastKnownFileType = sourcecode.c.h; path = "KMLPolygon+K2G.h"; sourceTree = "<group>"; };
		DAA502B719263DDF006A529B /* KMLPolygon+K2G.m */ = {isa = PBXFileReference; fileEncoding = 4; lastKnownFileType = sourcecode.c.objc; path = "KMLPolygon+K2G.m"; sourceTree = "<group>"; };
		E9660EB519261C0B00158C4F /* K2GKiezDetailView.h */ = {isa = PBXFileReference; fileEncoding = 4; lastKnownFileType = sourcecode.c.h; path = K2GKiezDetailView.h; sourceTree = "<group>"; };
		E9660EB619261C0B00158C4F /* K2GKiezDetailView.m */ = {isa = PBXFileReference; fileEncoding = 4; lastKnownFileType = sourcecode.c.objc; path = K2GKiezDetailView.m; sourceTree = "<group>"; };
		E9660EB819261CE500158C4F /* MapKit.framework */ = {isa = PBXFileReference; lastKnownFileType = wrapper.framework; name = MapKit.framework; path = System/Library/Frameworks/MapKit.framework; sourceTree = SDKROOT; };
		E9660EBA19261DD300158C4F /* K2GFoursquareVenueCell.h */ = {isa = PBXFileReference; fileEncoding = 4; lastKnownFileType = sourcecode.c.h; path = K2GFoursquareVenueCell.h; sourceTree = "<group>"; };
		E9660EBB19261DD300158C4F /* K2GFoursquareVenueCell.m */ = {isa = PBXFileReference; fileEncoding = 4; lastKnownFileType = sourcecode.c.objc; path = K2GFoursquareVenueCell.m; sourceTree = "<group>"; };
		E9660EBC19261DD300158C4F /* K2GFoursquareVenueCell.xib */ = {isa = PBXFileReference; fileEncoding = 4; lastKnownFileType = file.xib; path = K2GFoursquareVenueCell.xib; sourceTree = "<group>"; };
		E9FBDA2C192644A3009FA4A8 /* NSObject+POPExtensions.h */ = {isa = PBXFileReference; fileEncoding = 4; lastKnownFileType = sourcecode.c.h; path = "NSObject+POPExtensions.h"; sourceTree = "<group>"; };
		E9FBDA2D192644A3009FA4A8 /* NSObject+POPExtensions.m */ = {isa = PBXFileReference; fileEncoding = 4; lastKnownFileType = sourcecode.c.objc; path = "NSObject+POPExtensions.m"; sourceTree = "<group>"; };
/* End PBXFileReference section */

/* Begin PBXFrameworksBuildPhase section */
		94A46D5C1926165500B79825 /* Frameworks */ = {
			isa = PBXFrameworksBuildPhase;
			buildActionMask = 2147483647;
			files = (
				E9660EB919261CE500158C4F /* MapKit.framework in Frameworks */,
				94A46D651926165500B79825 /* CoreGraphics.framework in Frameworks */,
				94A46D671926165500B79825 /* UIKit.framework in Frameworks */,
				94A46D631926165500B79825 /* Foundation.framework in Frameworks */,
				4B2885ED214F4AEE8755BB6D /* libPods.a in Frameworks */,
			);
			runOnlyForDeploymentPostprocessing = 0;
		};
		94A46D771926165500B79825 /* Frameworks */ = {
			isa = PBXFrameworksBuildPhase;
			buildActionMask = 2147483647;
			files = (
				94A46D7C1926165500B79825 /* XCTest.framework in Frameworks */,
				94A46D7E1926165500B79825 /* UIKit.framework in Frameworks */,
				94A46D7D1926165500B79825 /* Foundation.framework in Frameworks */,
			);
			runOnlyForDeploymentPostprocessing = 0;
		};
/* End PBXFrameworksBuildPhase section */

/* Begin PBXGroup section */
		94A46D561926165500B79825 = {
			isa = PBXGroup;
			children = (
				94A46D681926165500B79825 /* Kiez ToGo */,
				94A46D811926165500B79825 /* Kiez ToGoTests */,
				94A46D611926165500B79825 /* Frameworks */,
				94A46D601926165500B79825 /* Products */,
				94F22D0A9AB74849B4906F4A /* Pods.xcconfig */,
			);
			sourceTree = "<group>";
		};
		94A46D601926165500B79825 /* Products */ = {
			isa = PBXGroup;
			children = (
				94A46D5F1926165500B79825 /* Kiez ToGo.app */,
				94A46D7A1926165500B79825 /* Kiez ToGoTests.xctest */,
			);
			name = Products;
			sourceTree = "<group>";
		};
		94A46D611926165500B79825 /* Frameworks */ = {
			isa = PBXGroup;
			children = (
				E9660EB819261CE500158C4F /* MapKit.framework */,
				94A46D621926165500B79825 /* Foundation.framework */,
				94A46D641926165500B79825 /* CoreGraphics.framework */,
				94A46D661926165500B79825 /* UIKit.framework */,
				94A46D7B1926165500B79825 /* XCTest.framework */,
				46B2F8E4165045D6B316BC3C /* libPods.a */,
			);
			name = Frameworks;
			sourceTree = "<group>";
		};
		94A46D681926165500B79825 /* Kiez ToGo */ = {
			isa = PBXGroup;
			children = (
				94A46DB419262B1700B79825 /* Managers */,
				DAA5028E1926243D006A529B /* Data */,
				DAA5026819262416006A529B /* Helpers */,
				94A46DA4192621D500B79825 /* Models */,
				E9660EB419261BEA00158C4F /* Views */,
				94A46D96192619DA00B79825 /* View Controllers */,
				94A46D711926165500B79825 /* K2GAppDelegate.h */,
				94A46D721926165500B79825 /* K2GAppDelegate.m */,
				94A46D741926165500B79825 /* Images.xcassets */,
				94A46D691926165500B79825 /* Supporting Files */,
			);
			path = "Kiez ToGo";
			sourceTree = "<group>";
		};
		94A46D691926165500B79825 /* Supporting Files */ = {
			isa = PBXGroup;
			children = (
				94A46D6A1926165500B79825 /* Kiez ToGo-Info.plist */,
				94A46D6B1926165500B79825 /* InfoPlist.strings */,
				94A46D6E1926165500B79825 /* main.m */,
				94A46D701926165500B79825 /* Kiez ToGo-Prefix.pch */,
			);
			name = "Supporting Files";
			sourceTree = "<group>";
		};
		94A46D811926165500B79825 /* Kiez ToGoTests */ = {
			isa = PBXGroup;
			children = (
				94A46D871926165500B79825 /* Kiez_ToGoTests.m */,
				94A46D821926165500B79825 /* Supporting Files */,
			);
			path = "Kiez ToGoTests";
			sourceTree = "<group>";
		};
		94A46D821926165500B79825 /* Supporting Files */ = {
			isa = PBXGroup;
			children = (
				94A46D831926165500B79825 /* Kiez ToGoTests-Info.plist */,
				94A46D841926165500B79825 /* InfoPlist.strings */,
			);
			name = "Supporting Files";
			sourceTree = "<group>";
		};
		94A46D96192619DA00B79825 /* View Controllers */ = {
			isa = PBXGroup;
			children = (
				94A46D91192619BD00B79825 /* K2GKiezDetailViewController.h */,
				94A46D92192619BD00B79825 /* K2GKiezDetailViewController.m */,
				94A46D93192619BD00B79825 /* K2GKiezDetailViewController.xib */,
				94A46D97192619EC00B79825 /* K2GMapViewController.h */,
				94A46D98192619EC00B79825 /* K2GMapViewController.m */,
				94A46D99192619EC00B79825 /* K2GMapViewController.xib */,
				94A46D9F19261A0800B79825 /* K2GFoursquareVenueViewController.h */,
				94A46DA019261A0800B79825 /* K2GFoursquareVenueViewController.m */,
				94A46DA119261A0800B79825 /* K2GFoursquareVenueViewController.xib */,
				AA7F291B19265C96007A46E5 /* K2GKiezesTableViewController.h */,
				AA7F291C19265C96007A46E5 /* K2GKiezesTableViewController.m */,
				AA7F291E19265FEE007A46E5 /* K2GKiezTableViewCell.xib */,
			);
			name = "View Controllers";
			sourceTree = "<group>";
		};
		94A46DA4192621D500B79825 /* Models */ = {
			isa = PBXGroup;
			children = (
				AA7F29151926404F007A46E5 /* K2GFSVenue.h */,
				AA7F29161926404F007A46E5 /* K2GFSVenue.m */,
				AA7F29131926404F007A46E5 /* K2GFSLocation.h */,
				AA7F29141926404F007A46E5 /* K2GFSLocation.m */,
				94A46DB119262B0E00B79825 /* K2GKiez.h */,
				94A46DB219262B0E00B79825 /* K2GKiez.m */,
			);
			name = Models;
			sourceTree = "<group>";
		};
		94A46DB419262B1700B79825 /* Managers */ = {
			isa = PBXGroup;
			children = (
				94A46DB519262B2200B79825 /* K2GKiezManager.h */,
				94A46DB619262B2200B79825 /* K2GKiezManager.m */,
				AA7F290F1926402B007A46E5 /* Foursquare */,
			);
			name = Managers;
			sourceTree = "<group>";
		};
		AA7F290F1926402B007A46E5 /* Foursquare */ = {
			isa = PBXGroup;
			children = (
				AA7F291019264041007A46E5 /* K2GFoursquareManager.h */,
				AA7F291119264041007A46E5 /* K2GFoursquareManager.m */,
			);
			name = Foursquare;
			sourceTree = "<group>";
		};
		DAA5026819262416006A529B /* Helpers */ = {
			isa = PBXGroup;
			children = (
				E9FBDA2B19264493009FA4A8 /* POP */,
				DAA50291192629DF006A529B /* KML+MapKit */,
				DAA5029F192629DF006A529B /* MKMap+KML */,
				DAA502B619263DDF006A529B /* KMLPolygon+K2G.h */,
				DAA502B719263DDF006A529B /* KMLPolygon+K2G.m */,
			);
			name = Helpers;
			sourceTree = "<group>";
		};
		DAA5028E1926243D006A529B /* Data */ = {
			isa = PBXGroup;
			children = (
				94C25B9D1926499000C2255E /* LOR-Planungsraeume.kml */,
			);
			name = Data;
			sourceTree = "<group>";
		};
		DAA50291192629DF006A529B /* KML+MapKit */ = {
			isa = PBXGroup;
			children = (
				DAA50292192629DF006A529B /* KML+MapKit.h */,
				DAA50293192629DF006A529B /* KMLAbstractGeometry+MapKit.h */,
				DAA50294192629DF006A529B /* KMLAbstractGeometry+MapKit.m */,
				DAA50295192629DF006A529B /* KMLLineString+MapKit.h */,
				DAA50296192629DF006A529B /* KMLLineString+MapKit.m */,
				DAA50297192629DF006A529B /* KMLPlacemark+MapKit.h */,
				DAA50298192629DF006A529B /* KMLPlacemark+MapKit.m */,
				DAA50299192629DF006A529B /* KMLPoint+MapKit.h */,
				DAA5029A192629DF006A529B /* KMLPoint+MapKit.m */,
				DAA5029B192629DF006A529B /* KMLPolygon+MapKit.h */,
				DAA5029C192629DF006A529B /* KMLPolygon+MapKit.m */,
				DAA5029D192629DF006A529B /* KMLRoot+MapKit.h */,
				DAA5029E192629DF006A529B /* KMLRoot+MapKit.m */,
			);
			path = "KML+MapKit";
			sourceTree = "<group>";
		};
		DAA5029F192629DF006A529B /* MKMap+KML */ = {
			isa = PBXGroup;
			children = (
				DAA502A0192629DF006A529B /* MKAnnotationView+KML.h */,
				DAA502A1192629DF006A529B /* MKAnnotationView+KML.m */,
				DAA502A2192629DF006A529B /* MKMap+KML.h */,
				DAA502A3192629DF006A529B /* MKOverlayView+KML.h */,
				DAA502A4192629DF006A529B /* MKOverlayView+KML.m */,
				DAA502A5192629DF006A529B /* MKPolygonView+KML.h */,
				DAA502A6192629DF006A529B /* MKPolygonView+KML.m */,
				DAA502A7192629DF006A529B /* MKPolylineView+KML.h */,
				DAA502A8192629DF006A529B /* MKPolylineView+KML.m */,
				DAA502A9192629DF006A529B /* MKShape+KML.h */,
				DAA502AA192629DF006A529B /* MKShape+KML.m */,
			);
			path = "MKMap+KML";
			sourceTree = "<group>";
		};
		E9660EB419261BEA00158C4F /* Views */ = {
			isa = PBXGroup;
			children = (
				E9660EB519261C0B00158C4F /* K2GKiezDetailView.h */,
				E9660EB619261C0B00158C4F /* K2GKiezDetailView.m */,
				E9660EBA19261DD300158C4F /* K2GFoursquareVenueCell.h */,
				E9660EBB19261DD300158C4F /* K2GFoursquareVenueCell.m */,
				E9660EBC19261DD300158C4F /* K2GFoursquareVenueCell.xib */,
			);
			name = Views;
			sourceTree = "<group>";
		};
		E9FBDA2B19264493009FA4A8 /* POP */ = {
			isa = PBXGroup;
			children = (
				E9FBDA2C192644A3009FA4A8 /* NSObject+POPExtensions.h */,
				E9FBDA2D192644A3009FA4A8 /* NSObject+POPExtensions.m */,
			);
			name = POP;
			sourceTree = "<group>";
		};
/* End PBXGroup section */

/* Begin PBXNativeTarget section */
		94A46D5E1926165500B79825 /* Kiez ToGo */ = {
			isa = PBXNativeTarget;
			buildConfigurationList = 94A46D8B1926165500B79825 /* Build configuration list for PBXNativeTarget "Kiez ToGo" */;
			buildPhases = (
				365E6D1155814530AF9E80F6 /* Check Pods Manifest.lock */,
				94A46D5B1926165500B79825 /* Sources */,
				94A46D5C1926165500B79825 /* Frameworks */,
				94A46D5D1926165500B79825 /* Resources */,
				2C4B6C9A32074011AFDC85F1 /* Copy Pods Resources */,
			);
			buildRules = (
			);
			dependencies = (
			);
			name = "Kiez ToGo";
			productName = "Kiez ToGo";
			productReference = 94A46D5F1926165500B79825 /* Kiez ToGo.app */;
			productType = "com.apple.product-type.application";
		};
		94A46D791926165500B79825 /* Kiez ToGoTests */ = {
			isa = PBXNativeTarget;
			buildConfigurationList = 94A46D8E1926165500B79825 /* Build configuration list for PBXNativeTarget "Kiez ToGoTests" */;
			buildPhases = (
				94A46D761926165500B79825 /* Sources */,
				94A46D771926165500B79825 /* Frameworks */,
				94A46D781926165500B79825 /* Resources */,
			);
			buildRules = (
			);
			dependencies = (
				94A46D801926165500B79825 /* PBXTargetDependency */,
			);
			name = "Kiez ToGoTests";
			productName = "Kiez ToGoTests";
			productReference = 94A46D7A1926165500B79825 /* Kiez ToGoTests.xctest */;
			productType = "com.apple.product-type.bundle.unit-test";
		};
/* End PBXNativeTarget section */

/* Begin PBXProject section */
		94A46D571926165500B79825 /* Project object */ = {
			isa = PBXProject;
			attributes = {
				CLASSPREFIX = K2G;
				LastUpgradeCheck = 0510;
				ORGANIZATIONNAME = "kiez e.V. GmbH (i.G.)";
				TargetAttributes = {
					94A46D791926165500B79825 = {
						TestTargetID = 94A46D5E1926165500B79825;
					};
				};
			};
			buildConfigurationList = 94A46D5A1926165500B79825 /* Build configuration list for PBXProject "Kiez ToGo" */;
			compatibilityVersion = "Xcode 3.2";
			developmentRegion = English;
			hasScannedForEncodings = 0;
			knownRegions = (
				en,
			);
			mainGroup = 94A46D561926165500B79825;
			productRefGroup = 94A46D601926165500B79825 /* Products */;
			projectDirPath = "";
			projectRoot = "";
			targets = (
				94A46D5E1926165500B79825 /* Kiez ToGo */,
				94A46D791926165500B79825 /* Kiez ToGoTests */,
			);
		};
/* End PBXProject section */

/* Begin PBXResourcesBuildPhase section */
		94A46D5D1926165500B79825 /* Resources */ = {
			isa = PBXResourcesBuildPhase;
			buildActionMask = 2147483647;
			files = (
				94C25B9E1926499000C2255E /* LOR-Planungsraeume.kml in Resources */,
				94A46D6D1926165500B79825 /* InfoPlist.strings in Resources */,
				E9660EBE19261DD300158C4F /* K2GFoursquareVenueCell.xib in Resources */,
				AA7F291F19265FEE007A46E5 /* K2GKiezTableViewCell.xib in Resources */,
				94A46D95192619BD00B79825 /* K2GKiezDetailViewController.xib in Resources */,
				94A46D9B192619EC00B79825 /* K2GMapViewController.xib in Resources */,
				94A46DA319261A0800B79825 /* K2GFoursquareVenueViewController.xib in Resources */,
				94A46D751926165500B79825 /* Images.xcassets in Resources */,
			);
			runOnlyForDeploymentPostprocessing = 0;
		};
		94A46D781926165500B79825 /* Resources */ = {
			isa = PBXResourcesBuildPhase;
			buildActionMask = 2147483647;
			files = (
				94A46D861926165500B79825 /* InfoPlist.strings in Resources */,
			);
			runOnlyForDeploymentPostprocessing = 0;
		};
/* End PBXResourcesBuildPhase section */

/* Begin PBXShellScriptBuildPhase section */
		2C4B6C9A32074011AFDC85F1 /* Copy Pods Resources */ = {
			isa = PBXShellScriptBuildPhase;
			buildActionMask = 2147483647;
			files = (
			);
			inputPaths = (
			);
			name = "Copy Pods Resources";
			outputPaths = (
			);
			runOnlyForDeploymentPostprocessing = 0;
			shellPath = /bin/sh;
			shellScript = "\"${SRCROOT}/Pods/Pods-resources.sh\"\n";
			showEnvVarsInLog = 0;
		};
		365E6D1155814530AF9E80F6 /* Check Pods Manifest.lock */ = {
			isa = PBXShellScriptBuildPhase;
			buildActionMask = 2147483647;
			files = (
			);
			inputPaths = (
			);
			name = "Check Pods Manifest.lock";
			outputPaths = (
			);
			runOnlyForDeploymentPostprocessing = 0;
			shellPath = /bin/sh;
			shellScript = "diff \"${PODS_ROOT}/../Podfile.lock\" \"${PODS_ROOT}/Manifest.lock\" > /dev/null\nif [[ $? != 0 ]] ; then\n    cat << EOM\nerror: The sandbox is not in sync with the Podfile.lock. Run 'pod install' or update your CocoaPods installation.\nEOM\n    exit 1\nfi\n";
			showEnvVarsInLog = 0;
		};
/* End PBXShellScriptBuildPhase section */

/* Begin PBXSourcesBuildPhase section */
		94A46D5B1926165500B79825 /* Sources */ = {
			isa = PBXSourcesBuildPhase;
			buildActionMask = 2147483647;
			files = (
				DAA502AC192629DF006A529B /* KMLLineString+MapKit.m in Sources */,
				94A46D6F1926165500B79825 /* main.m in Sources */,
				DAA502AE192629DF006A529B /* KMLPoint+MapKit.m in Sources */,
				94C25B9A1926483600C2255E /* K2GFoursquareManager.m in Sources */,
				E9660EBD19261DD300158C4F /* K2GFoursquareVenueCell.m in Sources */,
				DAA502B5192629DF006A529B /* MKShape+KML.m in Sources */,
				94A46DB719262B2200B79825 /* K2GKiezManager.m in Sources */,
				DAA502B2192629DF006A529B /* MKOverlayView+KML.m in Sources */,
				94C25B9C1926484C00C2255E /* K2GFSLocation.m in Sources */,
				94A46D94192619BD00B79825 /* K2GKiezDetailViewController.m in Sources */,
				DAA502B0192629DF006A529B /* KMLRoot+MapKit.m in Sources */,
				94A46DA219261A0800B79825 /* K2GFoursquareVenueViewController.m in Sources */,
				DAA502B3192629DF006A529B /* MKPolygonView+KML.m in Sources */,
				DAA502B819263DDF006A529B /* KMLPolygon+K2G.m in Sources */,
				DAA502AB192629DF006A529B /* KMLAbstractGeometry+MapKit.m in Sources */,
				94A46DB319262B0E00B79825 /* K2GKiez.m in Sources */,
				DAA502AF192629DF006A529B /* KMLPolygon+MapKit.m in Sources */,
				E9FBDA2E192644A3009FA4A8 /* NSObject+POPExtensions.m in Sources */,
				94A46D9A192619EC00B79825 /* K2GMapViewController.m in Sources */,
				DAA502B1192629DF006A529B /* MKAnnotationView+KML.m in Sources */,
				94A46D731926165500B79825 /* K2GAppDelegate.m in Sources */,
				AA7F291D19265C96007A46E5 /* K2GKiezesTableViewController.m in Sources */,
				94C25B9B1926484900C2255E /* K2GFSVenue.m in Sources */,
				E9660EB719261C0B00158C4F /* K2GKiezDetailView.m in Sources */,
				DAA502B4192629DF006A529B /* MKPolylineView+KML.m in Sources */,
				DAA502AD192629DF006A529B /* KMLPlacemark+MapKit.m in Sources */,
			);
			runOnlyForDeploymentPostprocessing = 0;
		};
		94A46D761926165500B79825 /* Sources */ = {
			isa = PBXSourcesBuildPhase;
			buildActionMask = 2147483647;
			files = (
				94A46D881926165500B79825 /* Kiez_ToGoTests.m in Sources */,
			);
			runOnlyForDeploymentPostprocessing = 0;
		};
/* End PBXSourcesBuildPhase section */

/* Begin PBXTargetDependency section */
		94A46D801926165500B79825 /* PBXTargetDependency */ = {
			isa = PBXTargetDependency;
			target = 94A46D5E1926165500B79825 /* Kiez ToGo */;
			targetProxy = 94A46D7F1926165500B79825 /* PBXContainerItemProxy */;
		};
/* End PBXTargetDependency section */

/* Begin PBXVariantGroup section */
		94A46D6B1926165500B79825 /* InfoPlist.strings */ = {
			isa = PBXVariantGroup;
			children = (
				94A46D6C1926165500B79825 /* en */,
			);
			name = InfoPlist.strings;
			sourceTree = "<group>";
		};
		94A46D841926165500B79825 /* InfoPlist.strings */ = {
			isa = PBXVariantGroup;
			children = (
				94A46D851926165500B79825 /* en */,
			);
			name = InfoPlist.strings;
			sourceTree = "<group>";
		};
/* End PBXVariantGroup section */

/* Begin XCBuildConfiguration section */
		94A46D891926165500B79825 /* Debug */ = {
			isa = XCBuildConfiguration;
			buildSettings = {
				ALWAYS_SEARCH_USER_PATHS = NO;
				CLANG_CXX_LANGUAGE_STANDARD = "gnu++0x";
				CLANG_CXX_LIBRARY = "libc++";
				CLANG_ENABLE_MODULES = YES;
				CLANG_ENABLE_OBJC_ARC = YES;
				CLANG_WARN_BOOL_CONVERSION = YES;
				CLANG_WARN_CONSTANT_CONVERSION = YES;
				CLANG_WARN_DIRECT_OBJC_ISA_USAGE = YES_ERROR;
				CLANG_WARN_EMPTY_BODY = YES;
				CLANG_WARN_ENUM_CONVERSION = YES;
				CLANG_WARN_INT_CONVERSION = YES;
				CLANG_WARN_OBJC_ROOT_CLASS = YES_ERROR;
				CLANG_WARN__DUPLICATE_METHOD_MATCH = YES;
				"CODE_SIGN_IDENTITY[sdk=iphoneos*]" = "iPhone Developer";
				COPY_PHASE_STRIP = NO;
				GCC_C_LANGUAGE_STANDARD = gnu99;
				GCC_DYNAMIC_NO_PIC = NO;
				GCC_OPTIMIZATION_LEVEL = 0;
				GCC_PREPROCESSOR_DEFINITIONS = (
					"DEBUG=1",
					"$(inherited)",
				);
				GCC_SYMBOLS_PRIVATE_EXTERN = NO;
				GCC_WARN_64_TO_32_BIT_CONVERSION = YES;
				GCC_WARN_ABOUT_RETURN_TYPE = YES_ERROR;
				GCC_WARN_UNDECLARED_SELECTOR = YES;
				GCC_WARN_UNINITIALIZED_AUTOS = YES_AGGRESSIVE;
				GCC_WARN_UNUSED_FUNCTION = YES;
				GCC_WARN_UNUSED_VARIABLE = YES;
				IPHONEOS_DEPLOYMENT_TARGET = 7.1;
				ONLY_ACTIVE_ARCH = YES;
				SDKROOT = iphoneos;
			};
			name = Debug;
		};
		94A46D8A1926165500B79825 /* Release */ = {
			isa = XCBuildConfiguration;
			buildSettings = {
				ALWAYS_SEARCH_USER_PATHS = NO;
				CLANG_CXX_LANGUAGE_STANDARD = "gnu++0x";
				CLANG_CXX_LIBRARY = "libc++";
				CLANG_ENABLE_MODULES = YES;
				CLANG_ENABLE_OBJC_ARC = YES;
				CLANG_WARN_BOOL_CONVERSION = YES;
				CLANG_WARN_CONSTANT_CONVERSION = YES;
				CLANG_WARN_DIRECT_OBJC_ISA_USAGE = YES_ERROR;
				CLANG_WARN_EMPTY_BODY = YES;
				CLANG_WARN_ENUM_CONVERSION = YES;
				CLANG_WARN_INT_CONVERSION = YES;
				CLANG_WARN_OBJC_ROOT_CLASS = YES_ERROR;
				CLANG_WARN__DUPLICATE_METHOD_MATCH = YES;
				"CODE_SIGN_IDENTITY[sdk=iphoneos*]" = "iPhone Developer";
				COPY_PHASE_STRIP = YES;
				ENABLE_NS_ASSERTIONS = NO;
				GCC_C_LANGUAGE_STANDARD = gnu99;
				GCC_WARN_64_TO_32_BIT_CONVERSION = YES;
				GCC_WARN_ABOUT_RETURN_TYPE = YES_ERROR;
				GCC_WARN_UNDECLARED_SELECTOR = YES;
				GCC_WARN_UNINITIALIZED_AUTOS = YES_AGGRESSIVE;
				GCC_WARN_UNUSED_FUNCTION = YES;
				GCC_WARN_UNUSED_VARIABLE = YES;
				IPHONEOS_DEPLOYMENT_TARGET = 7.1;
				SDKROOT = iphoneos;
				VALIDATE_PRODUCT = YES;
			};
			name = Release;
		};
		94A46D8C1926165500B79825 /* Debug */ = {
			isa = XCBuildConfiguration;
			baseConfigurationReference = 94F22D0A9AB74849B4906F4A /* Pods.xcconfig */;
			buildSettings = {
				ASSETCATALOG_COMPILER_APPICON_NAME = AppIcon;
				ASSETCATALOG_COMPILER_LAUNCHIMAGE_NAME = LaunchImage;
				GCC_PRECOMPILE_PREFIX_HEADER = YES;
				GCC_PREFIX_HEADER = "Kiez ToGo/Kiez ToGo-Prefix.pch";
				INFOPLIST_FILE = "Kiez ToGo/Kiez ToGo-Info.plist";
				PRODUCT_NAME = "$(TARGET_NAME)";
				WRAPPER_EXTENSION = app;
			};
			name = Debug;
		};
		94A46D8D1926165500B79825 /* Release */ = {
			isa = XCBuildConfiguration;
			baseConfigurationReference = 94F22D0A9AB74849B4906F4A /* Pods.xcconfig */;
			buildSettings = {
				ASSETCATALOG_COMPILER_APPICON_NAME = AppIcon;
				ASSETCATALOG_COMPILER_LAUNCHIMAGE_NAME = LaunchImage;
				GCC_PRECOMPILE_PREFIX_HEADER = YES;
				GCC_PREFIX_HEADER = "Kiez ToGo/Kiez ToGo-Prefix.pch";
				INFOPLIST_FILE = "Kiez ToGo/Kiez ToGo-Info.plist";
				PRODUCT_NAME = "$(TARGET_NAME)";
				WRAPPER_EXTENSION = app;
			};
			name = Release;
		};
		94A46D8F1926165500B79825 /* Debug */ = {
			isa = XCBuildConfiguration;
			buildSettings = {
				BUNDLE_LOADER = "$(BUILT_PRODUCTS_DIR)/Kiez ToGo.app/Kiez ToGo";
				FRAMEWORK_SEARCH_PATHS = (
					"$(SDKROOT)/Developer/Library/Frameworks",
					"$(inherited)",
					"$(DEVELOPER_FRAMEWORKS_DIR)",
				);
				GCC_PRECOMPILE_PREFIX_HEADER = YES;
				GCC_PREFIX_HEADER = "Kiez ToGo/Kiez ToGo-Prefix.pch";
				GCC_PREPROCESSOR_DEFINITIONS = (
					"DEBUG=1",
					"$(inherited)",
				);
				INFOPLIST_FILE = "Kiez ToGoTests/Kiez ToGoTests-Info.plist";
				PRODUCT_NAME = "$(TARGET_NAME)";
				TEST_HOST = "$(BUNDLE_LOADER)";
				WRAPPER_EXTENSION = xctest;
			};
			name = Debug;
		};
		94A46D901926165500B79825 /* Release */ = {
			isa = XCBuildConfiguration;
			buildSettings = {
				BUNDLE_LOADER = "$(BUILT_PRODUCTS_DIR)/Kiez ToGo.app/Kiez ToGo";
				FRAMEWORK_SEARCH_PATHS = (
					"$(SDKROOT)/Developer/Library/Frameworks",
					"$(inherited)",
					"$(DEVELOPER_FRAMEWORKS_DIR)",
				);
				GCC_PRECOMPILE_PREFIX_HEADER = YES;
				GCC_PREFIX_HEADER = "Kiez ToGo/Kiez ToGo-Prefix.pch";
				INFOPLIST_FILE = "Kiez ToGoTests/Kiez ToGoTests-Info.plist";
				PRODUCT_NAME = "$(TARGET_NAME)";
				TEST_HOST = "$(BUNDLE_LOADER)";
				WRAPPER_EXTENSION = xctest;
			};
			name = Release;
		};
/* End XCBuildConfiguration section */

/* Begin XCConfigurationList section */
		94A46D5A1926165500B79825 /* Build configuration list for PBXProject "Kiez ToGo" */ = {
			isa = XCConfigurationList;
			buildConfigurations = (
				94A46D891926165500B79825 /* Debug */,
				94A46D8A1926165500B79825 /* Release */,
			);
			defaultConfigurationIsVisible = 0;
			defaultConfigurationName = Release;
		};
		94A46D8B1926165500B79825 /* Build configuration list for PBXNativeTarget "Kiez ToGo" */ = {
			isa = XCConfigurationList;
			buildConfigurations = (
				94A46D8C1926165500B79825 /* Debug */,
				94A46D8D1926165500B79825 /* Release */,
			);
			defaultConfigurationIsVisible = 0;
			defaultConfigurationName = Release;
		};
		94A46D8E1926165500B79825 /* Build configuration list for PBXNativeTarget "Kiez ToGoTests" */ = {
			isa = XCConfigurationList;
			buildConfigurations = (
				94A46D8F1926165500B79825 /* Debug */,
				94A46D901926165500B79825 /* Release */,
			);
			defaultConfigurationIsVisible = 0;
			defaultConfigurationName = Release;
		};
/* End XCConfigurationList section */
	};
	rootObject = 94A46D571926165500B79825 /* Project object */;
}
